<?xml version="1.0" encoding="utf-8"?>
<Project ToolsVersion="4.0" xmlns="http://schemas.microsoft.com/developer/msbuild/2003">
  <ItemGroup>
    <Filter Include="Source Files">
      <UniqueIdentifier>{4FC737F1-C7A5-4376-A066-2A32D752A2FF}</UniqueIdentifier>
      <Extensions>cpp;c;cc;cxx;c++;cppm;ixx;def;odl;idl;hpj;bat;asm;asmx</Extensions>
    </Filter>
    <Filter Include="Header Files">
      <UniqueIdentifier>{93995380-89BD-4b04-88EB-625FBE52EBFB}</UniqueIdentifier>
      <Extensions>h;hh;hpp;hxx;h++;hm;inl;inc;ipp;xsd</Extensions>
    </Filter>
    <Filter Include="Resource Files">
      <UniqueIdentifier>{67DA6AB6-F800-4c08-8B7A-83BB121AAD01}</UniqueIdentifier>
      <Extensions>rc;ico;cur;bmp;dlg;rc2;rct;bin;rgs;gif;jpg;jpeg;jpe;resx;tiff;tif;png;wav;mfcribbon-ms</Extensions>
    </Filter>
  </ItemGroup>
  <ItemGroup>
    <ClInclude Include="src/QEdit.h">
      <Filter>Header Files</Filter>
    </ClInclude>
    <ClInclude Include="src/framework.h">
      <Filter>Header Files</Filter>
    </ClInclude>
    <ClInclude Include="src/targetver.h">
      <Filter>Header Files</Filter>
    </ClInclude>
    <ClInclude Include="src/MainFrm.h">
      <Filter>Header Files</Filter>
    </ClInclude>
    <ClInclude Include="src/QEditDoc.h">
      <Filter>Header Files</Filter>
    </ClInclude>
    <ClInclude Include="src/QEditView.h">
      <Filter>Header Files</Filter>
    </ClInclude>
    <ClInclude Include="src/Resource.h">
      <Filter>Header Files</Filter>
    </ClInclude>
    <ClInclude Include="src/pch.h">
      <Filter>Header Files</Filter>
    </ClInclude>
    <ClInclude Include="src/resource.h">
      <Filter>Header Files</Filter>
    </ClInclude>
    <ClInclude Include="src\MediaCtrlWnd.h">
      <Filter>Header Files</Filter>
    </ClInclude>
    <ClInclude Include="src\usermsg.h">
      <Filter>Header Files</Filter>
    </ClInclude>
    <ClInclude Include="src\TimeCtrlBar.h">
      <Filter>Header Files</Filter>
    </ClInclude>
    <ClInclude Include="src\HighResolutionTimer.h">
      <Filter>Header Files</Filter>
    </ClInclude>
    <ClInclude Include="src\TimeRangeSelection.h">
      <Filter>Header Files</Filter>
    </ClInclude>
    <ClInclude Include="src\ConvertDialog.h">
      <Filter>Header Files</Filter>
    </ClInclude>
    <ClInclude Include="src\ConversionJob.h">
      <Filter>Header Files</Filter>
    </ClInclude>
    <ClInclude Include="src\VideoHandle.h">
      <Filter>Header Files</Filter>
    </ClInclude>
    <ClInclude Include="src\OutputSettings.h">
      <Filter>Header Files</Filter>
    </ClInclude>
    <ClInclude Include="src\OutputOptionsDialog.h">
      <Filter>Header Files</Filter>
    </ClInclude>
    <ClInclude Include="src\DebugUtils.h">
      <Filter>Header Files</Filter>
    </ClInclude>
    <ClInclude Include="src\FFmpegCli.h">
      <Filter>Header Files</Filter>
    </ClInclude>
    <ClInclude Include="src\FFmpegProgressReader.h">
      <Filter>Header Files</Filter>
    </ClInclude>
  </ItemGroup>
  <ItemGroup>
    <ClCompile Include="src/QEdit.cpp">
      <Filter>Source Files</Filter>
    </ClCompile>
    <ClCompile Include="src/MainFrm.cpp">
      <Filter>Source Files</Filter>
    </ClCompile>
    <ClCompile Include="src/QEditDoc.cpp">
      <Filter>Source Files</Filter>
    </ClCompile>
    <ClCompile Include="src/QEditView.cpp">
      <Filter>Source Files</Filter>
    </ClCompile>
    <ClCompile Include="src/pch.cpp">
      <Filter>Source Files</Filter>
    </ClCompile>
    <ClCompile Include="src\MediaCtrlWnd.cpp">
      <Filter>Source Files</Filter>
    </ClCompile>
    <ClCompile Include="src\TimeCtrlBar.cpp">
      <Filter>Source Files</Filter>
    </ClCompile>
    <ClCompile Include="src\TimeRangeSelection.cpp">
      <Filter>Source Files</Filter>
    </ClCompile>
    <ClCompile Include="src\ConvertDialog.cpp">
      <Filter>Source Files</Filter>
    </ClCompile>
    <ClCompile Include="src\ConversionJob.cpp">
      <Filter>Source Files</Filter>
    </ClCompile>
    <ClCompile Include="src\VideoHandle.cpp">
      <Filter>Source Files</Filter>
    </ClCompile>
    <ClCompile Include="src\OutputOptionsDialog.cpp">
      <Filter>Source Files</Filter>
    </ClCompile>
    <ClCompile Include="src\FFmpegCli.cpp">
      <Filter>Source Files</Filter>
    </ClCompile>
    <ClCompile Include="src\FFmpegProgressReader.cpp">
      <Filter>Source Files</Filter>
    </ClCompile>
  </ItemGroup>
  <ItemGroup>
    <ResourceCompile Include="src/QEdit.rc">
      <Filter>Resource Files</Filter>
    </ResourceCompile>
  </ItemGroup>
  <ItemGroup>
    <Image Include="res\properties_wnd.ico">
      <Filter>Resource Files</Filter>
    </Image>
    <Image Include="res\properties_wnd_hc.ico">
      <Filter>Resource Files</Filter>
    </Image>
    <Image Include="res\properties.bmp">
      <Filter>Resource Files</Filter>
    </Image>
    <Image Include="res\properties_hc.bmp">
      <Filter>Resource Files</Filter>
    </Image>
    <Image Include="res\userimages.bmp">
      <Filter>Resource Files</Filter>
    </Image>
    <Image Include="res\QEditDoc.ico">
      <Filter>Resource Files</Filter>
    </Image>
    <Image Include="res\QEdit.ico">
      <Filter>Resource Files</Filter>
    </Image>
    <Image Include="res\Toolbar.bmp">
      <Filter>Resource Files</Filter>
    </Image>
    <Image Include="res\Toolbar256.bmp">
      <Filter>Resource Files</Filter>
    </Image>
  </ItemGroup>
  <ItemGroup>
    <None Include="src/QEdit.rc2">
      <Filter>Resource Files</Filter>
    </None>
  </ItemGroup>
</Project>