<?xml version="1.0" encoding="utf-8"?>
<Project ToolsVersion="4.0" xmlns="http://schemas.microsoft.com/developer/msbuild/2003">
  <ItemGroup>
    <Filter Include="Source Files">
      <UniqueIdentifier>{4FC737F1-C7A5-4376-A066-2A32D752A2FF}</UniqueIdentifier>
      <Extensions>cpp;c;cc;cxx;c++;cppm;ixx;def;odl;idl;hpj;bat;asm;asmx</Extensions>
    </Filter>
    <Filter Include="Header Files">
      <UniqueIdentifier>{93995380-89BD-4b04-88EB-625FBE52EBFB}</UniqueIdentifier>
      <Extensions>h;hh;hpp;hxx;h++;hm;inl;inc;ipp;xsd</Extensions>
    </Filter>
    <Filter Include="Resource Files">
      <UniqueIdentifier>{67DA6AB6-F800-4c08-8B7A-83BB121AAD01}</UniqueIdentifier>
      <Extensions>rc;ico;cur;bmp;dlg;rc2;rct;bin;rgs;gif;jpg;jpeg;jpe;resx;tiff;tif;png;wav;mfcribbon-ms</Extensions>
    </Filter>
  </ItemGroup>
  <ItemGroup>
    <ClCompile Include="src\QEdit.cpp">
      <Filter>Source Files</Filter>
    </ClCompile>
    <ClCompile Include="src\UI.cpp">
      <Filter>Source Files</Filter>
    </ClCompile>
    <ClCompile Include="src\UIErrorDialog.cpp">
      <Filter>Source Files</Filter>
    </ClCompile>
    <ClCompile Include="src\UIProgressDialog.cpp">
      <Filter>Source Files</Filter>
    </ClCompile>
    <ClCompile Include="src\FFmpegLogReader.cpp">
      <Filter>Source Files</Filter>
    </ClCompile>
    <ClCompile Include="src\UITextDialog.cpp">
      <Filter>Source Files</Filter>
    </ClCompile>
    <ClCompile Include="src\SavePresetLayer.cpp">
      <Filter>Source Files</Filter>
    </ClCompile>
    <ClCompile Include="src\MainLayer.cpp">
      <Filter>Source Files</Filter>
    </ClCompile>
    <ClCompile Include="src\LoadPresetLayer.cpp">
      <Filter>Source Files</Filter>
    </ClCompile>
    <ClCompile Include="src\CFGReader.cpp">
      <Filter>Source Files</Filter>
    </ClCompile>
    <ClCompile Include="src\CFGWriter.cpp">
      <Filter>Source Files</Filter>
    </ClCompile>
  </ItemGroup>
  <ItemGroup>
    <None Include="lib\ffmpeg\avcodec-59.dll" />
    <None Include="lib\ffmpeg\avdevice-59.dll" />
    <None Include="lib\ffmpeg\avfilter-8.dll" />
    <None Include="lib\ffmpeg\avformat-59.dll" />
    <None Include="lib\ffmpeg\avutil-57.dll" />
    <None Include="lib\ffmpeg\ffmpeg.exe" />
    <None Include="lib\ffmpeg\ffplay.exe" />
    <None Include="lib\ffmpeg\ffprobe.exe" />
    <None Include="lib\ffmpeg\swresample-4.dll" />
    <None Include="lib\ffmpeg\swscale-6.dll" />
  </ItemGroup>
  <ItemGroup>
    <ClInclude Include="include\Option.h">
      <Filter>Header Files</Filter>
    </ClInclude>
    <ClInclude Include="include\OptionType.h">
      <Filter>Header Files</Filter>
    </ClInclude>
    <ClInclude Include="include\OverwriteOption.h">
      <Filter>Header Files</Filter>
    </ClInclude>
    <ClInclude Include="include\InputFileOption.h">
      <Filter>Header Files</Filter>
    </ClInclude>
    <ClInclude Include="include\OutputFileOption.h">
      <Filter>Header Files</Filter>
    </ClInclude>
    <ClInclude Include="include\FramerateOption.h">
      <Filter>Header Files</Filter>
    </ClInclude>
    <ClInclude Include="include\StartTimeOption.h">
      <Filter>Header Files</Filter>
    </ClInclude>
    <ClInclude Include="include\DurationOption.h">
      <Filter>Header Files</Filter>
    </ClInclude>
    <ClInclude Include="include\BitrateOption.h">
      <Filter>Header Files</Filter>
    </ClInclude>
    <ClInclude Include="include\AudioBitrateOption.h">
      <Filter>Header Files</Filter>
    </ClInclude>
    <ClInclude Include="include\MuteOption.h">
      <Filter>Header Files</Filter>
    </ClInclude>
    <ClInclude Include="include\ResolutionOption.h">
      <Filter>Header Files</Filter>
    </ClInclude>
    <ClInclude Include="include\CopyOption.h">
      <Filter>Header Files</Filter>
    </ClInclude>
    <ClInclude Include="include\AudioCopyOption.h">
      <Filter>Header Files</Filter>
    </ClInclude>
    <ClInclude Include="include\Options.h">
      <Filter>Header Files</Filter>
    </ClInclude>
    <ClInclude Include="include\UI.h">
      <Filter>Header Files</Filter>
    </ClInclude>
    <ClInclude Include="include\UIHelper.h">
      <Filter>Header Files</Filter>
    </ClInclude>
    <ClInclude Include="include\UIErrorDialog.h">
      <Filter>Header Files</Filter>
    </ClInclude>
    <ClInclude Include="include\UIDialog.h">
      <Filter>Header Files</Filter>
    </ClInclude>
    <ClInclude Include="include\UIProgressDialog.h">
      <Filter>Header Files</Filter>
    </ClInclude>
    <ClInclude Include="include\CmdExecute.h">
      <Filter>Header Files</Filter>
    </ClInclude>
    <ClInclude Include="include\FFmpegLogReader.h">
      <Filter>Header Files</Filter>
    </ClInclude>
    <ClInclude Include="include\UITextDialog.h">
      <Filter>Header Files</Filter>
    </ClInclude>
    <ClInclude Include="include\AdditionalOption.h">
      <Filter>Header Files</Filter>
    </ClInclude>
    <ClInclude Include="include\CodecOption.h">
      <Filter>Header Files</Filter>
    </ClInclude>
    <ClInclude Include="include\UILayer.h">
      <Filter>Header Files</Filter>
    </ClInclude>
    <ClInclude Include="include\SavePresetLayer.h">
      <Filter>Header Files</Filter>
    </ClInclude>
    <ClInclude Include="include\MainLayer.h">
      <Filter>Header Files</Filter>
    </ClInclude>
    <ClInclude Include="include\LoadPresetLayer.h">
      <Filter>Header Files</Filter>
    </ClInclude>
    <ClInclude Include="include\CFGReader.h">
      <Filter>Header Files</Filter>
    </ClInclude>
    <ClInclude Include="include\CFGWriter.h">
      <Filter>Header Files</Filter>
    </ClInclude>
    <ClInclude Include="include\Settings.h">
      <Filter>Header Files</Filter>
    </ClInclude>
  </ItemGroup>
</Project>